{
    "hash": "f4772676ba72899153d6353dd0715394",
    "packages": [
        {
            "package": "nikic\/php-parser",
            "version": "master-dev"
        },
        {
            "package": "symfony\/console",
            "version": "2.1.0-dev"
        },
        {
            "package": "symfony\/yaml",
            "version": "2.1.0-dev"
        },
        {
            "package": "doctrine\/common",
            "version": "2.2.0"
        },
        {
            "package": "doctrine\/dbal",
            "version": "2.2.1"
        },
        {
            "package": "doctrine\/orm",
            "version": "2.2.0"
        }
    ]
}